# This file is autogenerated, do not edit; changes may be undone by the next 'dep ensure'.


[[projects]]
  digest = "1:88b822fdfd4e6cc3e04bcae689b9914dadf385fbf17ccd9204dd5fa1c4582f38"
  name = "github.com/RangelReale/osin"
  packages = ["."]
  pruneopts = "UT"
  revision = "0f3357bb07e801ea62327872d19913969001dd7a"
  version = "v1.0.1"

[[projects]]
  digest = "1:04457f9f6f3ffc5fea48e71d62f2ca256637dee0a04d710288e27e05c8b41976"
  name = "github.com/Sirupsen/logrus"
  packages = ["."]
  pruneopts = "UT"
  revision = "839c75faf7f98a33d445d181f3018b5c3409a45e"
  version = "v1.4.2"

[[projects]]
  branch = "master"
  digest = "1:c307799fe01c92c8049378347b93b658a0f3be2d10a5dab8cc0798f45ee6759a"
  name = "github.com/buger/goterm"
  packages = ["."]
  pruneopts = "UT"
  revision = "c206103e1f37c0c6c5c039706305ea2aa6e8ad3b"

[[projects]]
  digest = "1:abaaa7489a2f0f3afb2adc8ea1a282a5bd52350b87b26da220c94fc778d6d63b"
  name = "github.com/docopt/docopt.go"
  packages = ["."]
  pruneopts = "UT"
  revision = "784ddc588536785e7299f7272f39101f7faccc3f"
  version = "0.6.2"

[[projects]]
  branch = "master"
  digest = "1:9f50f0543353c50296cc01fd8b623198799bc93d34ef3a32b410aa8386fc6e60"
  name = "github.com/franela/goreq"
  packages = ["."]
  pruneopts = "UT"
  revision = "bcd34c9993f899273c74baaa95e15386cd97b6e7"

[[projects]]
  digest = "1:0594af97b2f4cec6554086eeace6597e20a4b69466eb4ada25adf9f4300dddd2"
  name = "github.com/garyburd/redigo"
  packages = [
    "internal",
    "redis",
  ]
  pruneopts = "UT"
  revision = "a69d19351219b6dd56f274f96d85a7014a2ec34e"
  version = "v1.6.0"

[[projects]]
  digest = "1:573ca21d3669500ff845bdebee890eb7fc7f0f50c59f2132f2a0c6b03d85086a"
  name = "github.com/golang/protobuf"
  packages = ["proto"]
  pruneopts = "UT"
  revision = "6c65a5562fc06764971b7c5d05c76c75e84bdbf7"
  version = "v1.3.2"

[[projects]]
  digest = "1:582b704bebaa06b48c29b0cec224a6058a09c86883aaddabde889cd1a5f73e1b"
  name = "github.com/google/uuid"
  packages = ["."]
  pruneopts = "UT"
  revision = "0cd6bf5da1e1c83f8b45653022c74f71af0538a4"
  version = "v1.1.1"

[[projects]]
  digest = "1:c79fb010be38a59d657c48c6ba1d003a8aa651fa56b579d959d74573b7dff8e1"
  name = "github.com/gorilla/context"
  packages = ["."]
  pruneopts = "UT"
  revision = "08b5f424b9271eedf6f9f0ce86cb9396ed337a42"
  version = "v1.1.1"

[[projects]]
  digest = "1:26580a37df9f0e1db43b6283e7daf108e4887a024b5084b69b1bc40af89eefce"
  name = "github.com/justinas/alice"
  packages = ["."]
  pruneopts = "UT"
  revision = "698d694619453f429d388422116af97d11f37f41"
  version = "v1.2.0"

[[projects]]
  digest = "1:31e761d97c76151dde79e9d28964a812c46efc5baee4085b86f68f0c654450de"
  name = "github.com/konsorten/go-windows-terminal-sequences"
  packages = ["."]
  pruneopts = "UT"
  revision = "f55edac94c9bbba5d6182a4be46d86a2c9b5b50e"
  version = "v1.0.2"

[[projects]]
  branch = "master"
  digest = "1:0e1e5f960c58fdc677212fcc70e55042a0084d367623e51afbdb568963832f5d"
  name = "github.com/nu7hatch/gouuid"
  packages = ["."]
  pruneopts = "UT"
  revision = "179d4d0c4d8d407a32af483c2354df1d2c91e6c3"

[[projects]]
  digest = "1:e5d0bd87abc2781d14e274807a470acd180f0499f8bf5bb18606e9ec22ad9de9"
  name = "github.com/pborman/uuid"
  packages = ["."]
  pruneopts = "UT"
  revision = "adf5a7427709b9deb95d29d3fa8a2bf9cfd388f1"
  version = "v1.2"

[[projects]]
  branch = "master"
  digest = "1:7f8434843a1d2782a7e853efc6aa9499effc1b9a83ea51e76df53cc2ad51b5ef"
  name = "github.com/rcrowley/goagain"
  packages = ["."]
  pruneopts = "UT"
  revision = "f2f192b5d1a96e21dd4026ce67cda85e49659a48"

[[projects]]
  digest = "1:bdbeee77ecd82dc2e9bdc6deab3739fb968d953f8660b5577c74585a119db40c"
  name = "github.com/vmihailenco/msgpack"
  packages = [
    ".",
    "codes",
  ]
  pruneopts = "UT"
  revision = "cd92a145e6d2ce09e792f838dc0b669b680aea29"
  version = "v4.1.1"

[[projects]]
  digest = "1:a6c5ab44d09b463220e70b89e20e55e182ba4f7d15144697fe8dfc449d553e73"
  name = "github.com/vmihailenco/tagparser"
  packages = [
    ".",
    "internal",
    "internal/parser",
  ]
  pruneopts = "UT"
  revision = "e4b6c8cf4f3d7bb572551d5a531a9f2068b2fd6e"
  version = "v0.1.1"

[[projects]]
  branch = "master"
  digest = "1:76ee51c3f468493aff39dbacc401e8831fbb765104cbf613b89bef01cf4bad70"
  name = "golang.org/x/net"
  packages = ["context"]
  pruneopts = "UT"
  revision = "c0dbc17a35534bf2e581d7a942408dc936316da4"

[[projects]]
  branch = "master"
  digest = "1:e13350b7207ecc34977340d53522e0335dd36ed86ca7c346a36d2e88eb0fadfc"
  name = "golang.org/x/sys"
  packages = ["unix"]
  pruneopts = "UT"
  revision = "548cf772de5052aa878ccb47cdeb7d262b75c8ec"

[[projects]]
  digest = "1:f4d6f1de81abede35943b5f9d8106c9a4579d3ea5a19d0991be3055e3383254b"
  name = "google.golang.org/appengine"
  packages = [
    ".",
    "datastore",
    "datastore/internal/cloudkey",
    "datastore/internal/cloudpb",
    "internal",
    "internal/app_identity",
    "internal/base",
    "internal/datastore",
    "internal/log",
    "internal/modules",
    "internal/remote_api",
  ]
  pruneopts = "UT"
  revision = "971852bfffca25b069c31162ae8f247a3dba083b"
  version = "v1.6.5"

[[projects]]
  branch = "v2"
  digest = "1:4af24de1cba937fb5ef082e8860a47fd46282e6863c01930359368ee121e3114"
  name = "gopkg.in/mgo.v2"
  packages = [
    ".",
    "bson",
    "internal/json",
    "internal/sasl",
    "internal/scram",
  ]
  pruneopts = "UT"
  revision = "a6b53ec6cb22a3699387a57a161566f9402ee85b"

[solve-meta]
  analyzer-name = "dep"
  analyzer-version = 1
  input-imports = [
    "github.com/RangelReale/osin",
    "github.com/Sirupsen/logrus",
    "github.com/buger/goterm",
    "github.com/docopt/docopt.go",
    "github.com/franela/goreq",
    "github.com/garyburd/redigo/redis",
    "github.com/gorilla/context",
    "github.com/justinas/alice",
    "github.com/nu7hatch/gouuid",
    "github.com/rcrowley/goagain",
    "github.com/vmihailenco/msgpack",
    "gopkg.in/mgo.v2",
    "gopkg.in/mgo.v2/bson",
  ]
  solver-name = "gps-cdcl"
  solver-version = 1
